
Microsoft Visual Studio Solution File, Format Version 12.00
# Visual Studio Version 16
VisualStudioVersion = 16.0.32228.343
MinimumVisualStudioVersion = 10.0.40219.1
Project("{FAE04EC0-301F-11D3-BF4B-00C04F79EFBC}") = "danieljimenezexamenp1.Android", "danieljimenezexamenp1.Android\danieljimenezexamenp1.Android.csproj", "{E8924D39-6444-448B-96B1-3A377E9ED27B}"
EndProject
Project("{FAE04EC0-301F-11D3-BF4B-00C04F79EFBC}") = "danieljimenezexamenp1.iOS", "danieljimenezexamenp1.iOS\danieljimenezexamenp1.iOS.csproj", "{061E0AE0-D467-40C3-89AB-B5D3EC50FBBE}"
EndProject
Project("{FAE04EC0-301F-11D3-BF4B-00C04F79EFBC}") = "danieljimenezexamenp1", "danieljimenezexamenp1\danieljimenezexamenp1.csproj", "{B5DA9BDC-EA66-4358-92B0-3FCC60E3716C}"
EndProject
Global
	GlobalSection(SolutionConfigurationPlatforms) = preSolution
		Debug|Any CPU = Debug|Any CPU
		Debug|iPhone = Debug|iPhone
		Debug|iPhoneSimulator = Debug|iPhoneSimulator
		Release|Any CPU = Release|Any CPU
		Release|iPhone = Release|iPhone
		Release|iPhoneSimulator = Release|iPhoneSimulator
	EndGlobalSection
	GlobalSection(ProjectConfigurationPlatforms) = postSolution
		{E8924D39-6444-448B-96B1-3A377E9ED27B}.Debug|Any CPU.ActiveCfg = Debug|Any CPU
		{E8924D39-6444-448B-96B1-3A377E9ED27B}.Debug|Any CPU.Build.0 = Debug|Any CPU
		{E8924D39-6444-448B-96B1-3A377E9ED27B}.Debug|Any CPU.Deploy.0 = Debug|Any CPU
		{E8924D39-6444-448B-96B1-3A377E9ED27B}.Debug|iPhone.ActiveCfg = Debug|Any CPU
		{E8924D39-6444-448B-96B1-3A377E9ED27B}.Debug|iPhone.Build.0 = Debug|Any CPU
		{E8924D39-6444-448B-96B1-3A377E9ED27B}.Debug|iPhone.Deploy.0 = Debug|Any CPU
		{E8924D39-6444-448B-96B1-3A377E9ED27B}.Debug|iPhoneSimulator.ActiveCfg = Debug|Any CPU
		{E8924D39-6444-448B-96B1-3A377E9ED27B}.Debug|iPhoneSimulator.Build.0 = Debug|Any CPU
		{E8924D39-6444-448B-96B1-3A377E9ED27B}.Debug|iPhoneSimulator.Deploy.0 = Debug|Any CPU
		{E8924D39-6444-448B-96B1-3A377E9ED27B}.Release|Any CPU.ActiveCfg = Release|Any CPU
		{E8924D39-6444-448B-96B1-3A377E9ED27B}.Release|Any CPU.Build.0 = Release|Any CPU
		{E8924D39-6444-448B-96B1-3A377E9ED27B}.Release|Any CPU.Deploy.0 = Release|Any CPU
		{E8924D39-6444-448B-96B1-3A377E9ED27B}.Release|iPhone.ActiveCfg = Release|Any CPU
		{E8924D39-6444-448B-96B1-3A377E9ED27B}.Release|iPhone.Build.0 = Release|Any CPU
		{E8924D39-6444-448B-96B1-3A377E9ED27B}.Release|iPhone.Deploy.0 = Release|Any CPU
		{E8924D39-6444-448B-96B1-3A377E9ED27B}.Release|iPhoneSimulator.ActiveCfg = Release|Any CPU
		{E8924D39-6444-448B-96B1-3A377E9ED27B}.Release|iPhoneSimulator.Build.0 = Release|Any CPU
		{E8924D39-6444-448B-96B1-3A377E9ED27B}.Release|iPhoneSimulator.Deploy.0 = Release|Any CPU
		{061E0AE0-D467-40C3-89AB-B5D3EC50FBBE}.Debug|Any CPU.ActiveCfg = Debug|iPhone
		{061E0AE0-D467-40C3-89AB-B5D3EC50FBBE}.Debug|Any CPU.Build.0 = Debug|iPhone
		{061E0AE0-D467-40C3-89AB-B5D3EC50FBBE}.Debug|Any CPU.Deploy.0 = Debug|iPhone
		{061E0AE0-D467-40C3-89AB-B5D3EC50FBBE}.Debug|iPhone.ActiveCfg = Debug|iPhone
		{061E0AE0-D467-40C3-89AB-B5D3EC50FBBE}.Debug|iPhone.Build.0 = Debug|iPhone
		{061E0AE0-D467-40C3-89AB-B5D3EC50FBBE}.Debug|iPhone.Deploy.0 = Debug|iPhone
		{061E0AE0-D467-40C3-89AB-B5D3EC50FBBE}.Debug|iPhoneSimulator.ActiveCfg = Debug|iPhoneSimulator
		{061E0AE0-D467-40C3-89AB-B5D3EC50FBBE}.Debug|iPhoneSimulator.Build.0 = Debug|iPhoneSimulator
		{061E0AE0-D467-40C3-89AB-B5D3EC50FBBE}.Debug|iPhoneSimulator.Deploy.0 = Debug|iPhoneSimulator
		{061E0AE0-D467-40C3-89AB-B5D3EC50FBBE}.Release|Any CPU.ActiveCfg = Release|iPhoneSimulator
		{061E0AE0-D467-40C3-89AB-B5D3EC50FBBE}.Release|Any CPU.Build.0 = Release|iPhoneSimulator
		{061E0AE0-D467-40C3-89AB-B5D3EC50FBBE}.Release|Any CPU.Deploy.0 = Release|iPhoneSimulator
		{061E0AE0-D467-40C3-89AB-B5D3EC50FBBE}.Release|iPhone.ActiveCfg = Release|iPhone
		{061E0AE0-D467-40C3-89AB-B5D3EC50FBBE}.Release|iPhone.Build.0 = Release|iPhone
		{061E0AE0-D467-40C3-89AB-B5D3EC50FBBE}.Release|iPhone.Deploy.0 = Release|iPhone
		{061E0AE0-D467-40C3-89AB-B5D3EC50FBBE}.Release|iPhoneSimulator.ActiveCfg = Release|iPhoneSimulator
		{061E0AE0-D467-40C3-89AB-B5D3EC50FBBE}.Release|iPhoneSimulator.Build.0 = Release|iPhoneSimulator
		{061E0AE0-D467-40C3-89AB-B5D3EC50FBBE}.Release|iPhoneSimulator.Deploy.0 = Release|iPhoneSimulator
		{B5DA9BDC-EA66-4358-92B0-3FCC60E3716C}.Debug|Any CPU.ActiveCfg = Debug|Any CPU
		{B5DA9BDC-EA66-4358-92B0-3FCC60E3716C}.Debug|Any CPU.Build.0 = Debug|Any CPU
		{B5DA9BDC-EA66-4358-92B0-3FCC60E3716C}.Debug|Any CPU.Deploy.0 = Debug|Any CPU
		{B5DA9BDC-EA66-4358-92B0-3FCC60E3716C}.Debug|iPhone.ActiveCfg = Debug|Any CPU
		{B5DA9BDC-EA66-4358-92B0-3FCC60E3716C}.Debug|iPhone.Build.0 = Debug|Any CPU
		{B5DA9BDC-EA66-4358-92B0-3FCC60E3716C}.Debug|iPhone.Deploy.0 = Debug|Any CPU
		{B5DA9BDC-EA66-4358-92B0-3FCC60E3716C}.Debug|iPhoneSimulator.ActiveCfg = Debug|Any CPU
		{B5DA9BDC-EA66-4358-92B0-3FCC60E3716C}.Debug|iPhoneSimulator.Build.0 = Debug|Any CPU
		{B5DA9BDC-EA66-4358-92B0-3FCC60E3716C}.Debug|iPhoneSimulator.Deploy.0 = Debug|Any CPU
		{B5DA9BDC-EA66-4358-92B0-3FCC60E3716C}.Release|Any CPU.ActiveCfg = Release|Any CPU
		{B5DA9BDC-EA66-4358-92B0-3FCC60E3716C}.Release|Any CPU.Build.0 = Release|Any CPU
		{B5DA9BDC-EA66-4358-92B0-3FCC60E3716C}.Release|Any CPU.Deploy.0 = Release|Any CPU
		{B5DA9BDC-EA66-4358-92B0-3FCC60E3716C}.Release|iPhone.ActiveCfg = Release|Any CPU
		{B5DA9BDC-EA66-4358-92B0-3FCC60E3716C}.Release|iPhone.Build.0 = Release|Any CPU
		{B5DA9BDC-EA66-4358-92B0-3FCC60E3716C}.Release|iPhone.Deploy.0 = Release|Any CPU
		{B5DA9BDC-EA66-4358-92B0-3FCC60E3716C}.Release|iPhoneSimulator.ActiveCfg = Release|Any CPU
		{B5DA9BDC-EA66-4358-92B0-3FCC60E3716C}.Release|iPhoneSimulator.Build.0 = Release|Any CPU
		{B5DA9BDC-EA66-4358-92B0-3FCC60E3716C}.Release|iPhoneSimulator.Deploy.0 = Release|Any CPU
	EndGlobalSection
	GlobalSection(SolutionProperties) = preSolution
		HideSolutionNode = FALSE
	EndGlobalSection
	GlobalSection(ExtensibilityGlobals) = postSolution
		SolutionGuid = {D8FC2C97-3835-456B-BB93-9B254BA12196}
	EndGlobalSection
EndGlobal
